Microsoft Visual Studio Solution File, Format Version 12.00
# Visual Studio Version 17
VisualStudioVersion = 17.5.2.0
MinimumVisualStudioVersion = 10.0.40219.1
Project("{FAE04EC0-301F-11D3-BF4B-00C04F79EFBC}") = "HouseRules", "HouseRules.csproj", "{062062DC-C587-C756-15D1-594F11F994CC}"
EndProject
Global
	GlobalSection(SolutionConfigurationPlatforms) = preSolution
		Debug|Any CPU = Debug|Any CPU
		Release|Any CPU = Release|Any CPU
	EndGlobalSection
	GlobalSection(ProjectConfigurationPlatforms) = postSolution
		{062062DC-C587-C756-15D1-594F11F994CC}.Debug|Any CPU.ActiveCfg = Debug|Any CPU
		{062062DC-C587-C756-15D1-594F11F994CC}.Debug|Any CPU.Build.0 = Debug|Any CPU
		{062062DC-C587-C756-15D1-594F11F994CC}.Release|Any CPU.ActiveCfg = Release|Any CPU
		{062062DC-C587-C756-15D1-594F11F994CC}.Release|Any CPU.Build.0 = Release|Any CPU
	EndGlobalSection
	GlobalSection(SolutionProperties) = preSolution
		HideSolutionNode = FALSE
	EndGlobalSection
	GlobalSection(ExtensibilityGlobals) = postSolution
		SolutionGuid = {61D64FCC-C3C9-4346-9183-56A0543D6069}
	EndGlobalSection
EndGlobal
